// !$*UTF8*$!
{
	archiveVersion = 1;
	classes = {
	};
	objectVersion = 56;
	objects = {

/* Begin PBXBuildFile section */
		BD422DC32E0DB98C0094E522 /* LoginExampleAppTests.swift in Sources */ = {isa = PBXBuildFile; fileRef = BD422DC22E0DB98C0094E522 /* LoginExampleAppTests.swift */; };
		BD422DCD2E0DB98C0094E522 /* LoginExampleAppUITests.swift in Sources */ = {isa = PBXBuildFile; fileRef = BD422DCC2E0DB98C0094E522 /* LoginExampleAppUITests.swift */; };
		BD422DCF2E0DB98C0094E522 /* LoginExampleAppUITestsLaunchTests.swift in Sources */ = {isa = PBXBuildFile; fileRef = BD422DCE2E0DB98C0094E522 /* LoginExampleAppUITestsLaunchTests.swift */; };
		BD4BA12E2E0DBD2300DDCADA /* LoginExampleApp.swift in Sources */ = {isa = PBXBuildFile; fileRef = BD4BA1212E0DBD2300DDCADA /* LoginExampleApp.swift */; };
		BD4BA13A2E0DCAB300DDCADA /* RegisterView.swift in Sources */ = {isa = PBXBuildFile; fileRef = BD4BA1392E0DCAB300DDCADA /* RegisterView.swift */; };
		BD4BA13C2E0DCAC400DDCADA /* User.swift in Sources */ = {isa = PBXBuildFile; fileRef = BD4BA13B2E0DCAC400DDCADA /* User.swift */; };
		BDB3D1CA2E71DD1500A7FCB1 /* CurrencyConverterViewModelTests.swift in Sources */ = {isa = PBXBuildFile; fileRef = BDB3D1C92E71DD1500A7FCB1 /* CurrencyConverterViewModelTests.swift */; };
		BDB3D1D42E71E07B00A7FCB1 /* LoginViewModel.swift in Sources */ = {isa = PBXBuildFile; fileRef = BDB3D1CC2E71E07B00A7FCB1 /* LoginViewModel.swift */; };
		BDB3D1D52E71E07B00A7FCB1 /* LoginDisplayLogic.swift in Sources */ = {isa = PBXBuildFile; fileRef = BDB3D1CD2E71E07B00A7FCB1 /* LoginDisplayLogic.swift */; };
		BDB3D1D62E71E07B00A7FCB1 /* LoginView.swift in Sources */ = {isa = PBXBuildFile; fileRef = BDB3D1CE2E71E07B00A7FCB1 /* LoginView.swift */; };
		BDB3D1D72E71E07B00A7FCB1 /* LoginInteractor.swift in Sources */ = {isa = PBXBuildFile; fileRef = BDB3D1CF2E71E07B00A7FCB1 /* LoginInteractor.swift */; };
		BDB3D1D82E71E07B00A7FCB1 /* LoginModels.swift in Sources */ = {isa = PBXBuildFile; fileRef = BDB3D1D02E71E07B00A7FCB1 /* LoginModels.swift */; };
		BDB3D1D92E71E07B00A7FCB1 /* LoginViewController.swift in Sources */ = {isa = PBXBuildFile; fileRef = BDB3D1D12E71E07B00A7FCB1 /* LoginViewController.swift */; };
		BDB3D1DA2E71E07B00A7FCB1 /* LoginPresenter.swift in Sources */ = {isa = PBXBuildFile; fileRef = BDB3D1D22E71E07B00A7FCB1 /* LoginPresenter.swift */; };
		BDB3D1DB2E71E07B00A7FCB1 /* LoginRouter.swift in Sources */ = {isa = PBXBuildFile; fileRef = BDB3D1D32E71E07B00A7FCB1 /* LoginRouter.swift */; };
		BDB3D1DF2E71E85000A7FCB1 /* Assets.xcassets in Resources */ = {isa = PBXBuildFile; fileRef = BDB3D1DE2E71E85000A7FCB1 /* Assets.xcassets */; };
		BDFDF71C2E6F629D0096C990 /* CurrencyConverterViewModel.swift in Sources */ = {isa = PBXBuildFile; fileRef = BDFDF7122E6F629D0096C990 /* CurrencyConverterViewModel.swift */; };
		BDFDF71D2E6F629D0096C990 /* Currency.swift in Sources */ = {isa = PBXBuildFile; fileRef = BDFDF7142E6F629D0096C990 /* Currency.swift */; };
		BDFDF71E2E6F629D0096C990 /* CurrencySelectionView.swift in Sources */ = {isa = PBXBuildFile; fileRef = BDFDF7182E6F629D0096C990 /* CurrencySelectionView.swift */; };
		BDFDF71F2E6F629D0096C990 /* CurrencyConverterView.swift in Sources */ = {isa = PBXBuildFile; fileRef = BDFDF7192E6F629D0096C990 /* CurrencyConverterView.swift */; };
		BDFDF7202E6F629D0096C990 /* APIService.swift in Sources */ = {isa = PBXBuildFile; fileRef = BDFDF71B2E6F629D0096C990 /* APIService.swift */; };
/* End PBXBuildFile section */

/* Begin PBXContainerItemProxy section */
		BD422DBF2E0DB98C0094E522 /* PBXContainerItemProxy */ = {
			isa = PBXContainerItemProxy;
			containerPortal = BD422DA42E0DB98A0094E522 /* Project object */;
			proxyType = 1;
			remoteGlobalIDString = BD422DAB2E0DB98A0094E522;
			remoteInfo = LoginExampleApp;
		};
		BD422DC92E0DB98C0094E522 /* PBXContainerItemProxy */ = {
			isa = PBXContainerItemProxy;
			containerPortal = BD422DA42E0DB98A0094E522 /* Project object */;
			proxyType = 1;
			remoteGlobalIDString = BD422DAB2E0DB98A0094E522;
			remoteInfo = LoginExampleApp;
		};
/* End PBXContainerItemProxy section */

/* Begin PBXFileReference section */
		BD422DAC2E0DB98A0094E522 /* LoginExampleApp.app */ = {isa = PBXFileReference; explicitFileType = wrapper.application; includeInIndex = 0; path = LoginExampleApp.app; sourceTree = BUILT_PRODUCTS_DIR; };
		BD422DBE2E0DB98C0094E522 /* LoginExampleAppTests.xctest */ = {isa = PBXFileReference; explicitFileType = wrapper.cfbundle; includeInIndex = 0; path = LoginExampleAppTests.xctest; sourceTree = BUILT_PRODUCTS_DIR; };
		BD422DC22E0DB98C0094E522 /* LoginExampleAppTests.swift */ = {isa = PBXFileReference; lastKnownFileType = sourcecode.swift; path = LoginExampleAppTests.swift; sourceTree = "<group>"; };
		BD422DC82E0DB98C0094E522 /* LoginExampleAppUITests.xctest */ = {isa = PBXFileReference; explicitFileType = wrapper.cfbundle; includeInIndex = 0; path = LoginExampleAppUITests.xctest; sourceTree = BUILT_PRODUCTS_DIR; };
		BD422DCC2E0DB98C0094E522 /* LoginExampleAppUITests.swift */ = {isa = PBXFileReference; lastKnownFileType = sourcecode.swift; path = LoginExampleAppUITests.swift; sourceTree = "<group>"; };
		BD422DCE2E0DB98C0094E522 /* LoginExampleAppUITestsLaunchTests.swift */ = {isa = PBXFileReference; lastKnownFileType = sourcecode.swift; path = LoginExampleAppUITestsLaunchTests.swift; sourceTree = "<group>"; };
		BD4BA1212E0DBD2300DDCADA /* LoginExampleApp.swift */ = {isa = PBXFileReference; fileEncoding = 4; lastKnownFileType = sourcecode.swift; path = LoginExampleApp.swift; sourceTree = "<group>"; };
		BD4BA1392E0DCAB300DDCADA /* RegisterView.swift */ = {isa = PBXFileReference; fileEncoding = 4; lastKnownFileType = sourcecode.swift; path = RegisterView.swift; sourceTree = "<group>"; };
		BD4BA13B2E0DCAC400DDCADA /* User.swift */ = {isa = PBXFileReference; fileEncoding = 4; lastKnownFileType = sourcecode.swift; path = User.swift; sourceTree = "<group>"; };
		BDB3D1C92E71DD1500A7FCB1 /* CurrencyConverterViewModelTests.swift */ = {isa = PBXFileReference; fileEncoding = 4; lastKnownFileType = sourcecode.swift; path = CurrencyConverterViewModelTests.swift; sourceTree = "<group>"; };
		BDB3D1CC2E71E07B00A7FCB1 /* LoginViewModel.swift */ = {isa = PBXFileReference; fileEncoding = 4; lastKnownFileType = sourcecode.swift; path = LoginViewModel.swift; sourceTree = "<group>"; };
		BDB3D1CD2E71E07B00A7FCB1 /* LoginDisplayLogic.swift */ = {isa = PBXFileReference; fileEncoding = 4; lastKnownFileType = sourcecode.swift; path = LoginDisplayLogic.swift; sourceTree = "<group>"; };
		BDB3D1CE2E71E07B00A7FCB1 /* LoginView.swift */ = {isa = PBXFileReference; fileEncoding = 4; lastKnownFileType = sourcecode.swift; path = LoginView.swift; sourceTree = "<group>"; };
		BDB3D1CF2E71E07B00A7FCB1 /* LoginInteractor.swift */ = {isa = PBXFileReference; fileEncoding = 4; lastKnownFileType = sourcecode.swift; path = LoginInteractor.swift; sourceTree = "<group>"; };
		BDB3D1D02E71E07B00A7FCB1 /* LoginModels.swift */ = {isa = PBXFileReference; fileEncoding = 4; lastKnownFileType = sourcecode.swift; path = LoginModels.swift; sourceTree = "<group>"; };
		BDB3D1D12E71E07B00A7FCB1 /* LoginViewController.swift */ = {isa = PBXFileReference; fileEncoding = 4; lastKnownFileType = sourcecode.swift; path = LoginViewController.swift; sourceTree = "<group>"; };
		BDB3D1D22E71E07B00A7FCB1 /* LoginPresenter.swift */ = {isa = PBXFileReference; fileEncoding = 4; lastKnownFileType = sourcecode.swift; path = LoginPresenter.swift; sourceTree = "<group>"; };
		BDB3D1D32E71E07B00A7FCB1 /* LoginRouter.swift */ = {isa = PBXFileReference; fileEncoding = 4; lastKnownFileType = sourcecode.swift; path = LoginRouter.swift; sourceTree = "<group>"; };
		BDB3D1DE2E71E85000A7FCB1 /* Assets.xcassets */ = {isa = PBXFileReference; lastKnownFileType = folder.assetcatalog; path = Assets.xcassets; sourceTree = "<group>"; };
		BDFDF7122E6F629D0096C990 /* CurrencyConverterViewModel.swift */ = {isa = PBXFileReference; fileEncoding = 4; lastKnownFileType = sourcecode.swift; path = CurrencyConverterViewModel.swift; sourceTree = "<group>"; };
		BDFDF7142E6F629D0096C990 /* Currency.swift */ = {isa = PBXFileReference; fileEncoding = 4; lastKnownFileType = sourcecode.swift; path = Currency.swift; sourceTree = "<group>"; };
		BDFDF7152E6F629D0096C990 /* CurrencyConverter.h */ = {isa = PBXFileReference; fileEncoding = 4; lastKnownFileType = sourcecode.c.h; path = CurrencyConverter.h; sourceTree = "<group>"; };
		BDFDF7162E6F629D0096C990 /* module.modulemap */ = {isa = PBXFileReference; fileEncoding = 4; lastKnownFileType = "sourcecode.module-map"; path = module.modulemap; sourceTree = "<group>"; };
		BDFDF7182E6F629D0096C990 /* CurrencySelectionView.swift */ = {isa = PBXFileReference; fileEncoding = 4; lastKnownFileType = sourcecode.swift; path = CurrencySelectionView.swift; sourceTree = "<group>"; };
		BDFDF7192E6F629D0096C990 /* CurrencyConverterView.swift */ = {isa = PBXFileReference; fileEncoding = 4; lastKnownFileType = sourcecode.swift; path = CurrencyConverterView.swift; sourceTree = "<group>"; };
		BDFDF71B2E6F629D0096C990 /* APIService.swift */ = {isa = PBXFileReference; fileEncoding = 4; lastKnownFileType = sourcecode.swift; path = APIService.swift; sourceTree = "<group>"; };
/* End PBXFileReference section */

/* Begin PBXFrameworksBuildPhase section */
		BD422DA92E0DB98A0094E522 /* Frameworks */ = {
			isa = PBXFrameworksBuildPhase;
			buildActionMask = 2147483647;
			files = (
			);
			runOnlyForDeploymentPostprocessing = 0;
		};
		BD422DBB2E0DB98C0094E522 /* Frameworks */ = {
			isa = PBXFrameworksBuildPhase;
			buildActionMask = 2147483647;
			files = (
			);
			runOnlyForDeploymentPostprocessing = 0;
		};
		BD422DC52E0DB98C0094E522 /* Frameworks */ = {
			isa = PBXFrameworksBuildPhase;
			buildActionMask = 2147483647;
			files = (
			);
			runOnlyForDeploymentPostprocessing = 0;
		};
/* End PBXFrameworksBuildPhase section */

/* Begin PBXGroup section */
		BD422DA32E0DB98A0094E522 = {
			isa = PBXGroup;
			children = (
				BD4BA11F2E0DBD2300DDCADA /* LoginExampleApp */,
				BD422DC12E0DB98C0094E522 /* LoginExampleAppTests */,
				BD422DCB2E0DB98C0094E522 /* LoginExampleAppUITests */,
				BD422DAD2E0DB98A0094E522 /* Products */,
			);
			sourceTree = "<group>";
		};
		BD422DAD2E0DB98A0094E522 /* Products */ = {
			isa = PBXGroup;
			children = (
				BD422DAC2E0DB98A0094E522 /* LoginExampleApp.app */,
				BD422DBE2E0DB98C0094E522 /* LoginExampleAppTests.xctest */,
				BD422DC82E0DB98C0094E522 /* LoginExampleAppUITests.xctest */,
			);
			name = Products;
			sourceTree = "<group>";
		};
		BD422DC12E0DB98C0094E522 /* LoginExampleAppTests */ = {
			isa = PBXGroup;
			children = (
				BDB3D1C82E71DD1500A7FCB1 /* CurrencyConverterTests */,
				BD422DC22E0DB98C0094E522 /* LoginExampleAppTests.swift */,
			);
			path = LoginExampleAppTests;
			sourceTree = "<group>";
		};
		BD422DCB2E0DB98C0094E522 /* LoginExampleAppUITests */ = {
			isa = PBXGroup;
			children = (
				BD422DCC2E0DB98C0094E522 /* LoginExampleAppUITests.swift */,
				BD422DCE2E0DB98C0094E522 /* LoginExampleAppUITestsLaunchTests.swift */,
			);
			path = LoginExampleAppUITests;
			sourceTree = "<group>";
		};
		BD4BA11F2E0DBD2300DDCADA /* LoginExampleApp */ = {
			isa = PBXGroup;
			children = (
				BDB3D1CB2E71E07B00A7FCB1 /* Login */,
				BDFDF7102E6F629D0096C990 /* CurrencyConverter */,
				BD4BA1212E0DBD2300DDCADA /* LoginExampleApp.swift */,
				BD4BA1392E0DCAB300DDCADA /* RegisterView.swift */,
				BD4BA13B2E0DCAC400DDCADA /* User.swift */,
				BDB3D1DE2E71E85000A7FCB1 /* Assets.xcassets */,
			);
			path = LoginExampleApp;
			sourceTree = "<group>";
		};
		BDB3D1C82E71DD1500A7FCB1 /* CurrencyConverterTests */ = {
			isa = PBXGroup;
			children = (
				BDB3D1C92E71DD1500A7FCB1 /* CurrencyConverterViewModelTests.swift */,
			);
			path = CurrencyConverterTests;
			sourceTree = "<group>";
		};
		BDB3D1CB2E71E07B00A7FCB1 /* Login */ = {
			isa = PBXGroup;
			children = (
				BDB3D1CC2E71E07B00A7FCB1 /* LoginViewModel.swift */,
				BDB3D1CD2E71E07B00A7FCB1 /* LoginDisplayLogic.swift */,
				BDB3D1CE2E71E07B00A7FCB1 /* LoginView.swift */,
				BDB3D1CF2E71E07B00A7FCB1 /* LoginInteractor.swift */,
				BDB3D1D02E71E07B00A7FCB1 /* LoginModels.swift */,
				BDB3D1D12E71E07B00A7FCB1 /* LoginViewController.swift */,
				BDB3D1D22E71E07B00A7FCB1 /* LoginPresenter.swift */,
				BDB3D1D32E71E07B00A7FCB1 /* LoginRouter.swift */,
			);
			name = Login;
			path = LoginExampleApp/Login;
			sourceTree = SOURCE_ROOT;
		};
		BDFDF7102E6F629D0096C990 /* CurrencyConverter */ = {
			isa = PBXGroup;
			children = (
				BDFDF7112E6F629D0096C990 /* ViewModels */,
				BDFDF7132E6F629D0096C990 /* Models */,
				BDFDF7152E6F629D0096C990 /* CurrencyConverter.h */,
				BDFDF7162E6F629D0096C990 /* module.modulemap */,
				BDFDF7172E6F629D0096C990 /* Views */,
				BDFDF71A2E6F629D0096C990 /* Services */,
			);
			path = CurrencyConverter;
			sourceTree = "<group>";
		};
		BDFDF7112E6F629D0096C990 /* ViewModels */ = {
			isa = PBXGroup;
			children = (
				BDFDF7122E6F629D0096C990 /* CurrencyConverterViewModel.swift */,
			);
			path = ViewModels;
			sourceTree = "<group>";
		};
		BDFDF7132E6F629D0096C990 /* Models */ = {
			isa = PBXGroup;
			children = (
				BDFDF7142E6F629D0096C990 /* Currency.swift */,
			);
			path = Models;
			sourceTree = "<group>";
		};
		BDFDF7172E6F629D0096C990 /* Views */ = {
			isa = PBXGroup;
			children = (
				BDFDF7182E6F629D0096C990 /* CurrencySelectionView.swift */,
				BDFDF7192E6F629D0096C990 /* CurrencyConverterView.swift */,
			);
			path = Views;
			sourceTree = "<group>";
		};
		BDFDF71A2E6F629D0096C990 /* Services */ = {
			isa = PBXGroup;
			children = (
				BDFDF71B2E6F629D0096C990 /* APIService.swift */,
			);
			path = Services;
			sourceTree = "<group>";
		};
/* End PBXGroup section */

/* Begin PBXNativeTarget section */
		BD422DAB2E0DB98A0094E522 /* LoginExampleApp */ = {
			isa = PBXNativeTarget;
			buildConfigurationList = BD422DD22E0DB98C0094E522 /* Build configuration list for PBXNativeTarget "LoginExampleApp" */;
			buildPhases = (
				BD422DA82E0DB98A0094E522 /* Sources */,
				BD422DA92E0DB98A0094E522 /* Frameworks */,
				BD422DAA2E0DB98A0094E522 /* Resources */,
			);
			buildRules = (
			);
			dependencies = (
			);
			name = LoginExampleApp;
			productName = LoginExampleApp;
			productReference = BD422DAC2E0DB98A0094E522 /* LoginExampleApp.app */;
			productType = "com.apple.product-type.application";
		};
		BD422DBD2E0DB98C0094E522 /* LoginExampleAppTests */ = {
			isa = PBXNativeTarget;
			buildConfigurationList = BD422DD52E0DB98C0094E522 /* Build configuration list for PBXNativeTarget "LoginExampleAppTests" */;
			buildPhases = (
				BD422DBA2E0DB98C0094E522 /* Sources */,
				BD422DBB2E0DB98C0094E522 /* Frameworks */,
				BD422DBC2E0DB98C0094E522 /* Resources */,
			);
			buildRules = (
			);
			dependencies = (
				BD422DC02E0DB98C0094E522 /* PBXTargetDependency */,
			);
			name = LoginExampleAppTests;
			productName = LoginExampleAppTests;
			productReference = BD422DBE2E0DB98C0094E522 /* LoginExampleAppTests.xctest */;
			productType = "com.apple.product-type.bundle.unit-test";
		};
		BD422DC72E0DB98C0094E522 /* LoginExampleAppUITests */ = {
			isa = PBXNativeTarget;
			buildConfigurationList = BD422DD82E0DB98C0094E522 /* Build configuration list for PBXNativeTarget "LoginExampleAppUITests" */;
			buildPhases = (
				BD422DC42E0DB98C0094E522 /* Sources */,
				BD422DC52E0DB98C0094E522 /* Frameworks */,
				BD422DC62E0DB98C0094E522 /* Resources */,
			);
			buildRules = (
			);
			dependencies = (
				BD422DCA2E0DB98C0094E522 /* PBXTargetDependency */,
			);
			name = LoginExampleAppUITests;
			productName = LoginExampleAppUITests;
			productReference = BD422DC82E0DB98C0094E522 /* LoginExampleAppUITests.xctest */;
			productType = "com.apple.product-type.bundle.ui-testing";
		};
/* End PBXNativeTarget section */

/* Begin PBXProject section */
		BD422DA42E0DB98A0094E522 /* Project object */ = {
			isa = PBXProject;
			attributes = {
				BuildIndependentTargetsInParallel = 1;
				LastSwiftUpdateCheck = 1520;
				LastUpgradeCheck = 1520;
				TargetAttributes = {
					BD422DAB2E0DB98A0094E522 = {
						CreatedOnToolsVersion = 15.2;
					};
					BD422DBD2E0DB98C0094E522 = {
						CreatedOnToolsVersion = 15.2;
						TestTargetID = BD422DAB2E0DB98A0094E522;
					};
					BD422DC72E0DB98C0094E522 = {
						CreatedOnToolsVersion = 15.2;
						TestTargetID = BD422DAB2E0DB98A0094E522;
					};
				};
			};
			buildConfigurationList = BD422DA72E0DB98A0094E522 /* Build configuration list for PBXProject "LoginExampleApp" */;
			compatibilityVersion = "Xcode 14.0";
			developmentRegion = en;
			hasScannedForEncodings = 0;
			knownRegions = (
				en,
				Base,
			);
			mainGroup = BD422DA32E0DB98A0094E522;
			productRefGroup = BD422DAD2E0DB98A0094E522 /* Products */;
			projectDirPath = "";
			projectRoot = "";
			targets = (
				BD422DAB2E0DB98A0094E522 /* LoginExampleApp */,
				BD422DBD2E0DB98C0094E522 /* LoginExampleAppTests */,
				BD422DC72E0DB98C0094E522 /* LoginExampleAppUITests */,
			);
		};
/* End PBXProject section */

/* Begin PBXResourcesBuildPhase section */
		BD422DAA2E0DB98A0094E522 /* Resources */ = {
			isa = PBXResourcesBuildPhase;
			buildActionMask = 2147483647;
			files = (
				BDB3D1DF2E71E85000A7FCB1 /* Assets.xcassets in Resources */,
			);
			runOnlyForDeploymentPostprocessing = 0;
		};
		BD422DBC2E0DB98C0094E522 /* Resources */ = {
			isa = PBXResourcesBuildPhase;
			buildActionMask = 2147483647;
			files = (
			);
			runOnlyForDeploymentPostprocessing = 0;
		};
		BD422DC62E0DB98C0094E522 /* Resources */ = {
			isa = PBXResourcesBuildPhase;
			buildActionMask = 2147483647;
			files = (
			);
			runOnlyForDeploymentPostprocessing = 0;
		};
/* End PBXResourcesBuildPhase section */

/* Begin PBXSourcesBuildPhase section */
		BD422DA82E0DB98A0094E522 /* Sources */ = {
			isa = PBXSourcesBuildPhase;
			buildActionMask = 2147483647;
			files = (
				BDB3D1D92E71E07B00A7FCB1 /* LoginViewController.swift in Sources */,
				BDFDF71D2E6F629D0096C990 /* Currency.swift in Sources */,
				BDB3D1D82E71E07B00A7FCB1 /* LoginModels.swift in Sources */,
				BDB3D1D72E71E07B00A7FCB1 /* LoginInteractor.swift in Sources */,
				BDB3D1DA2E71E07B00A7FCB1 /* LoginPresenter.swift in Sources */,
				BDFDF7202E6F629D0096C990 /* APIService.swift in Sources */,
				BD4BA13A2E0DCAB300DDCADA /* RegisterView.swift in Sources */,
				BDB3D1D42E71E07B00A7FCB1 /* LoginViewModel.swift in Sources */,
				BDB3D1DB2E71E07B00A7FCB1 /* LoginRouter.swift in Sources */,
				BDFDF71E2E6F629D0096C990 /* CurrencySelectionView.swift in Sources */,
				BD4BA12E2E0DBD2300DDCADA /* LoginExampleApp.swift in Sources */,
				BDFDF71F2E6F629D0096C990 /* CurrencyConverterView.swift in Sources */,
				BDB3D1D62E71E07B00A7FCB1 /* LoginView.swift in Sources */,
				BD4BA13C2E0DCAC400DDCADA /* User.swift in Sources */,
				BDB3D1D52E71E07B00A7FCB1 /* LoginDisplayLogic.swift in Sources */,
				BDFDF71C2E6F629D0096C990 /* CurrencyConverterViewModel.swift in Sources */,
			);
			runOnlyForDeploymentPostprocessing = 0;
		};
		BD422DBA2E0DB98C0094E522 /* Sources */ = {
			isa = PBXSourcesBuildPhase;
			buildActionMask = 2147483647;
			files = (
				BDB3D1CA2E71DD1500A7FCB1 /* CurrencyConverterViewModelTests.swift in Sources */,
				BD422DC32E0DB98C0094E522 /* LoginExampleAppTests.swift in Sources */,
			);
			runOnlyForDeploymentPostprocessing = 0;
		};
		BD422DC42E0DB98C0094E522 /* Sources */ = {
			isa = PBXSourcesBuildPhase;
			buildActionMask = 2147483647;
			files = (
				BD422DCD2E0DB98C0094E522 /* LoginExampleAppUITests.swift in Sources */,
				BD422DCF2E0DB98C0094E522 /* LoginExampleAppUITestsLaunchTests.swift in Sources */,
			);
			runOnlyForDeploymentPostprocessing = 0;
		};
/* End PBXSourcesBuildPhase section */

/* Begin PBXTargetDependency section */
		BD422DC02E0DB98C0094E522 /* PBXTargetDependency */ = {
			isa = PBXTargetDependency;
			target = BD422DAB2E0DB98A0094E522 /* LoginExampleApp */;
			targetProxy = BD422DBF2E0DB98C0094E522 /* PBXContainerItemProxy */;
		};
		BD422DCA2E0DB98C0094E522 /* PBXTargetDependency */ = {
			isa = PBXTargetDependency;
			target = BD422DAB2E0DB98A0094E522 /* LoginExampleApp */;
			targetProxy = BD422DC92E0DB98C0094E522 /* PBXContainerItemProxy */;
		};
/* End PBXTargetDependency section */

/* Begin XCBuildConfiguration section */
		BD422DD02E0DB98C0094E522 /* Debug */ = {
			isa = XCBuildConfiguration;
			buildSettings = {
				ALWAYS_SEARCH_USER_PATHS = NO;
				ASSETCATALOG_COMPILER_GENERATE_SWIFT_ASSET_SYMBOL_EXTENSIONS = YES;
				CLANG_ANALYZER_NONNULL = YES;
				CLANG_ANALYZER_NUMBER_OBJECT_CONVERSION = YES_AGGRESSIVE;
				CLANG_CXX_LANGUAGE_STANDARD = "gnu++20";
				CLANG_ENABLE_MODULES = YES;
				CLANG_ENABLE_OBJC_ARC = YES;
				CLANG_ENABLE_OBJC_WEAK = YES;
				CLANG_WARN_BLOCK_CAPTURE_AUTORELEASING = YES;
				CLANG_WARN_BOOL_CONVERSION = YES;
				CLANG_WARN_COMMA = YES;
				CLANG_WARN_CONSTANT_CONVERSION = YES;
				CLANG_WARN_DEPRECATED_OBJC_IMPLEMENTATIONS = YES;
				CLANG_WARN_DIRECT_OBJC_ISA_USAGE = YES_ERROR;
				CLANG_WARN_DOCUMENTATION_COMMENTS = YES;
				CLANG_WARN_EMPTY_BODY = YES;
				CLANG_WARN_ENUM_CONVERSION = YES;
				CLANG_WARN_INFINITE_RECURSION = YES;
				CLANG_WARN_INT_CONVERSION = YES;
				CLANG_WARN_NON_LITERAL_NULL_CONVERSION = YES;
				CLANG_WARN_OBJC_IMPLICIT_RETAIN_SELF = YES;
				CLANG_WARN_OBJC_LITERAL_CONVERSION = YES;
				CLANG_WARN_OBJC_ROOT_CLASS = YES_ERROR;
				CLANG_WARN_QUOTED_INCLUDE_IN_FRAMEWORK_HEADER = YES;
				CLANG_WARN_RANGE_LOOP_ANALYSIS = YES;
				CLANG_WARN_STRICT_PROTOTYPES = YES;
				CLANG_WARN_SUSPICIOUS_MOVE = YES;
				CLANG_WARN_UNGUARDED_AVAILABILITY = YES_AGGRESSIVE;
				CLANG_WARN_UNREACHABLE_CODE = YES;
				CLANG_WARN__DUPLICATE_METHOD_MATCH = YES;
				COPY_PHASE_STRIP = NO;
				DEBUG_INFORMATION_FORMAT = dwarf;
				ENABLE_STRICT_OBJC_MSGSEND = YES;
				ENABLE_TESTABILITY = YES;
				ENABLE_USER_SCRIPT_SANDBOXING = YES;
				GCC_C_LANGUAGE_STANDARD = gnu17;
				GCC_DYNAMIC_NO_PIC = NO;
				GCC_NO_COMMON_BLOCKS = YES;
				GCC_OPTIMIZATION_LEVEL = 0;
				GCC_PREPROCESSOR_DEFINITIONS = (
					"DEBUG=1",
					"$(inherited)",
				);
				GCC_WARN_64_TO_32_BIT_CONVERSION = YES;
				GCC_WARN_ABOUT_RETURN_TYPE = YES_ERROR;
				GCC_WARN_UNDECLARED_SELECTOR = YES;
				GCC_WARN_UNINITIALIZED_AUTOS = YES_AGGRESSIVE;
				GCC_WARN_UNUSED_FUNCTION = YES;
				GCC_WARN_UNUSED_VARIABLE = YES;
				IPHONEOS_DEPLOYMENT_TARGET = 17.2;
				LOCALIZATION_PREFERS_STRING_CATALOGS = YES;
				MTL_ENABLE_DEBUG_INFO = INCLUDE_SOURCE;
				MTL_FAST_MATH = YES;
				ONLY_ACTIVE_ARCH = YES;
				SDKROOT = iphoneos;
				SWIFT_ACTIVE_COMPILATION_CONDITIONS = "DEBUG $(inherited)";
				SWIFT_OPTIMIZATION_LEVEL = "-Onone";
			};
			name = Debug;
		};
		BD422DD12E0DB98C0094E522 /* Release */ = {
			isa = XCBuildConfiguration;
			buildSettings = {
				ALWAYS_SEARCH_USER_PATHS = NO;
				ASSETCATALOG_COMPILER_GENERATE_SWIFT_ASSET_SYMBOL_EXTENSIONS = YES;
				CLANG_ANALYZER_NONNULL = YES;
				CLANG_ANALYZER_NUMBER_OBJECT_CONVERSION = YES_AGGRESSIVE;
				CLANG_CXX_LANGUAGE_STANDARD = "gnu++20";
				CLANG_ENABLE_MODULES = YES;
				CLANG_ENABLE_OBJC_ARC = YES;
				CLANG_ENABLE_OBJC_WEAK = YES;
				CLANG_WARN_BLOCK_CAPTURE_AUTORELEASING = YES;
				CLANG_WARN_BOOL_CONVERSION = YES;
				CLANG_WARN_COMMA = YES;
				CLANG_WARN_CONSTANT_CONVERSION = YES;
				CLANG_WARN_DEPRECATED_OBJC_IMPLEMENTATIONS = YES;
				CLANG_WARN_DIRECT_OBJC_ISA_USAGE = YES_ERROR;
				CLANG_WARN_DOCUMENTATION_COMMENTS = YES;
				CLANG_WARN_EMPTY_BODY = YES;
				CLANG_WARN_ENUM_CONVERSION = YES;
				CLANG_WARN_INFINITE_RECURSION = YES;
				CLANG_WARN_INT_CONVERSION = YES;
				CLANG_WARN_NON_LITERAL_NULL_CONVERSION = YES;
				CLANG_WARN_OBJC_IMPLICIT_RETAIN_SELF = YES;
				CLANG_WARN_OBJC_LITERAL_CONVERSION = YES;
				CLANG_WARN_OBJC_ROOT_CLASS = YES_ERROR;
				CLANG_WARN_QUOTED_INCLUDE_IN_FRAMEWORK_HEADER = YES;
				CLANG_WARN_RANGE_LOOP_ANALYSIS = YES;
				CLANG_WARN_STRICT_PROTOTYPES = YES;
				CLANG_WARN_SUSPICIOUS_MOVE = YES;
				CLANG_WARN_UNGUARDED_AVAILABILITY = YES_AGGRESSIVE;
				CLANG_WARN_UNREACHABLE_CODE = YES;
				CLANG_WARN__DUPLICATE_METHOD_MATCH = YES;
				COPY_PHASE_STRIP = NO;
				DEBUG_INFORMATION_FORMAT = "dwarf-with-dsym";
				ENABLE_NS_ASSERTIONS = NO;
				ENABLE_STRICT_OBJC_MSGSEND = YES;
				ENABLE_USER_SCRIPT_SANDBOXING = YES;
				GCC_C_LANGUAGE_STANDARD = gnu17;
				GCC_NO_COMMON_BLOCKS = YES;
				GCC_WARN_64_TO_32_BIT_CONVERSION = YES;
				GCC_WARN_ABOUT_RETURN_TYPE = YES_ERROR;
				GCC_WARN_UNDECLARED_SELECTOR = YES;
				GCC_WARN_UNINITIALIZED_AUTOS = YES_AGGRESSIVE;
				GCC_WARN_UNUSED_FUNCTION = YES;
				GCC_WARN_UNUSED_VARIABLE = YES;
				IPHONEOS_DEPLOYMENT_TARGET = 17.2;
				LOCALIZATION_PREFERS_STRING_CATALOGS = YES;
				MTL_ENABLE_DEBUG_INFO = NO;
				MTL_FAST_MATH = YES;
				SDKROOT = iphoneos;
				SWIFT_COMPILATION_MODE = wholemodule;
				VALIDATE_PRODUCT = YES;
			};
			name = Release;
		};
		BD422DD32E0DB98C0094E522 /* Debug */ = {
			isa = XCBuildConfiguration;
			buildSettings = {
				ASSETCATALOG_COMPILER_APPICON_NAME = AppIcon;
				ASSETCATALOG_COMPILER_GLOBAL_ACCENT_COLOR_NAME = AccentColor;
				CODE_SIGN_STYLE = Automatic;
				CURRENT_PROJECT_VERSION = 1;
				DEVELOPMENT_ASSET_PATHS = "\"LoginExampleApp/Preview Content\"";
				DEVELOPMENT_TEAM = B2ZF7338R8;
				ENABLE_PREVIEWS = YES;
				GENERATE_INFOPLIST_FILE = YES;
				INFOPLIST_KEY_UIApplicationSceneManifest_Generation = YES;
				INFOPLIST_KEY_UIApplicationSupportsIndirectInputEvents = YES;
				INFOPLIST_KEY_UILaunchScreen_Generation = YES;
				INFOPLIST_KEY_UISupportedInterfaceOrientations_iPad = "UIInterfaceOrientationPortrait UIInterfaceOrientationPortraitUpsideDown UIInterfaceOrientationLandscapeLeft UIInterfaceOrientationLandscapeRight";
				INFOPLIST_KEY_UISupportedInterfaceOrientations_iPhone = "UIInterfaceOrientationPortrait UIInterfaceOrientationLandscapeLeft UIInterfaceOrientationLandscapeRight";
				LD_RUNPATH_SEARCH_PATHS = (
					"$(inherited)",
					"@executable_path/Frameworks",
				);
				MARKETING_VERSION = 1.0;
				PRODUCT_BUNDLE_IDENTIFIER = com.rimvydas.petniunas.LoginExampleApp;
				PRODUCT_NAME = "$(TARGET_NAME)";
				SWIFT_EMIT_LOC_STRINGS = YES;
				SWIFT_VERSION = 5.0;
				TARGETED_DEVICE_FAMILY = "1,2";
			};
			name = Debug;
		};
		BD422DD42E0DB98C0094E522 /* Release */ = {
			isa = XCBuildConfiguration;
			buildSettings = {
				ASSETCATALOG_COMPILER_APPICON_NAME = AppIcon;
				ASSETCATALOG_COMPILER_GLOBAL_ACCENT_COLOR_NAME = AccentColor;
				CODE_SIGN_STYLE = Automatic;
				CURRENT_PROJECT_VERSION = 1;
				DEVELOPMENT_ASSET_PATHS = "\"LoginExampleApp/Preview Content\"";
				DEVELOPMENT_TEAM = B2ZF7338R8;
				ENABLE_PREVIEWS = YES;
				GENERATE_INFOPLIST_FILE = YES;
				INFOPLIST_KEY_UIApplicationSceneManifest_Generation = YES;
				INFOPLIST_KEY_UIApplicationSupportsIndirectInputEvents = YES;
				INFOPLIST_KEY_UILaunchScreen_Generation = YES;
				INFOPLIST_KEY_UISupportedInterfaceOrientations_iPad = "UIInterfaceOrientationPortrait UIInterfaceOrientationPortraitUpsideDown UIInterfaceOrientationLandscapeLeft UIInterfaceOrientationLandscapeRight";
				INFOPLIST_KEY_UISupportedInterfaceOrientations_iPhone = "UIInterfaceOrientationPortrait UIInterfaceOrientationLandscapeLeft UIInterfaceOrientationLandscapeRight";
				LD_RUNPATH_SEARCH_PATHS = (
					"$(inherited)",
					"@executable_path/Frameworks",
				);
				MARKETING_VERSION = 1.0;
				PRODUCT_BUNDLE_IDENTIFIER = com.rimvydas.petniunas.LoginExampleApp;
				PRODUCT_NAME = "$(TARGET_NAME)";
				SWIFT_EMIT_LOC_STRINGS = YES;
				SWIFT_VERSION = 5.0;
				TARGETED_DEVICE_FAMILY = "1,2";
			};
			name = Release;
		};
		BD422DD62E0DB98C0094E522 /* Debug */ = {
			isa = XCBuildConfiguration;
			buildSettings = {
				ALWAYS_EMBED_SWIFT_STANDARD_LIBRARIES = YES;
				BUNDLE_LOADER = "$(TEST_HOST)";
				CODE_SIGN_STYLE = Automatic;
				CURRENT_PROJECT_VERSION = 1;
				DEVELOPMENT_TEAM = B2ZF7338R8;
				GENERATE_INFOPLIST_FILE = YES;
				IPHONEOS_DEPLOYMENT_TARGET = 17.2;
				MARKETING_VERSION = 1.0;
				PRODUCT_BUNDLE_IDENTIFIER = com.rimvydas.petniunas.LoginExampleAppTests;
				PRODUCT_NAME = "$(TARGET_NAME)";
				SWIFT_EMIT_LOC_STRINGS = NO;
				SWIFT_VERSION = 5.0;
				TARGETED_DEVICE_FAMILY = "1,2";
				TEST_HOST = "$(BUILT_PRODUCTS_DIR)/LoginExampleApp.app/$(BUNDLE_EXECUTABLE_FOLDER_PATH)/LoginExampleApp";
			};
			name = Debug;
		};
		BD422DD72E0DB98C0094E522 /* Release */ = {
			isa = XCBuildConfiguration;
			buildSettings = {
				ALWAYS_EMBED_SWIFT_STANDARD_LIBRARIES = YES;
				BUNDLE_LOADER = "$(TEST_HOST)";
				CODE_SIGN_STYLE = Automatic;
				CURRENT_PROJECT_VERSION = 1;
				DEVELOPMENT_TEAM = B2ZF7338R8;
				GENERATE_INFOPLIST_FILE = YES;
				IPHONEOS_DEPLOYMENT_TARGET = 17.2;
				MARKETING_VERSION = 1.0;
				PRODUCT_BUNDLE_IDENTIFIER = com.rimvydas.petniunas.LoginExampleAppTests;
				PRODUCT_NAME = "$(TARGET_NAME)";
				SWIFT_EMIT_LOC_STRINGS = NO;
				SWIFT_VERSION = 5.0;
				TARGETED_DEVICE_FAMILY = "1,2";
				TEST_HOST = "$(BUILT_PRODUCTS_DIR)/LoginExampleApp.app/$(BUNDLE_EXECUTABLE_FOLDER_PATH)/LoginExampleApp";
			};
			name = Release;
		};
		BD422DD92E0DB98C0094E522 /* Debug */ = {
			isa = XCBuildConfiguration;
			buildSettings = {
				ALWAYS_EMBED_SWIFT_STANDARD_LIBRARIES = YES;
				CODE_SIGN_STYLE = Automatic;
				CURRENT_PROJECT_VERSION = 1;
				DEVELOPMENT_TEAM = B2ZF7338R8;
				GENERATE_INFOPLIST_FILE = YES;
				MARKETING_VERSION = 1.0;
				PRODUCT_BUNDLE_IDENTIFIER = com.rimvydas.petniunas.LoginExampleAppUITests;
				PRODUCT_NAME = "$(TARGET_NAME)";
				SWIFT_EMIT_LOC_STRINGS = NO;
				SWIFT_VERSION = 5.0;
				TARGETED_DEVICE_FAMILY = "1,2";
				TEST_TARGET_NAME = LoginExampleApp;
			};
			name = Debug;
		};
		BD422DDA2E0DB98C0094E522 /* Release */ = {
			isa = XCBuildConfiguration;
			buildSettings = {
				ALWAYS_EMBED_SWIFT_STANDARD_LIBRARIES = YES;
				CODE_SIGN_STYLE = Automatic;
				CURRENT_PROJECT_VERSION = 1;
				DEVELOPMENT_TEAM = B2ZF7338R8;
				GENERATE_INFOPLIST_FILE = YES;
				MARKETING_VERSION = 1.0;
				PRODUCT_BUNDLE_IDENTIFIER = com.rimvydas.petniunas.LoginExampleAppUITests;
				PRODUCT_NAME = "$(TARGET_NAME)";
				SWIFT_EMIT_LOC_STRINGS = NO;
				SWIFT_VERSION = 5.0;
				TARGETED_DEVICE_FAMILY = "1,2";
				TEST_TARGET_NAME = LoginExampleApp;
			};
			name = Release;
		};
/* End XCBuildConfiguration section */

/* Begin XCConfigurationList section */
		BD422DA72E0DB98A0094E522 /* Build configuration list for PBXProject "LoginExampleApp" */ = {
			isa = XCConfigurationList;
			buildConfigurations = (
				BD422DD02E0DB98C0094E522 /* Debug */,
				BD422DD12E0DB98C0094E522 /* Release */,
			);
			defaultConfigurationIsVisible = 0;
			defaultConfigurationName = Release;
		};
		BD422DD22E0DB98C0094E522 /* Build configuration list for PBXNativeTarget "LoginExampleApp" */ = {
			isa = XCConfigurationList;
			buildConfigurations = (
				BD422DD32E0DB98C0094E522 /* Debug */,
				BD422DD42E0DB98C0094E522 /* Release */,
			);
			defaultConfigurationIsVisible = 0;
			defaultConfigurationName = Release;
		};
		BD422DD52E0DB98C0094E522 /* Build configuration list for PBXNativeTarget "LoginExampleAppTests" */ = {
			isa = XCConfigurationList;
			buildConfigurations = (
				BD422DD62E0DB98C0094E522 /* Debug */,
				BD422DD72E0DB98C0094E522 /* Release */,
			);
			defaultConfigurationIsVisible = 0;
			defaultConfigurationName = Release;
		};
		BD422DD82E0DB98C0094E522 /* Build configuration list for PBXNativeTarget "LoginExampleAppUITests" */ = {
			isa = XCConfigurationList;
			buildConfigurations = (
				BD422DD92E0DB98C0094E522 /* Debug */,
				BD422DDA2E0DB98C0094E522 /* Release */,
			);
			defaultConfigurationIsVisible = 0;
			defaultConfigurationName = Release;
		};
/* End XCConfigurationList section */
	};
	rootObject = BD422DA42E0DB98A0094E522 /* Project object */;
}
