// !$*UTF8*$!
{
	archiveVersion = 1;
	classes = {
	};
	objectVersion = 56;
	objects = {

/* Begin PBXBuildFile section */
		BD422DC32E0DB98C0094E522 /* LoginExampleAppTests.swift in Sources */ = {isa = PBXBuildFile; fileRef = BD422DC22E0DB98C0094E522 /* LoginExampleAppTests.swift */; };
		BD422DCD2E0DB98C0094E522 /* LoginExampleAppUITests.swift in Sources */ = {isa = PBXBuildFile; fileRef = BD422DCC2E0DB98C0094E522 /* LoginExampleAppUITests.swift */; };
		BD422DCF2E0DB98C0094E522 /* LoginExampleAppUITestsLaunchTests.swift in Sources */ = {isa = PBXBuildFile; fileRef = BD422DCE2E0DB98C0094E522 /* LoginExampleAppUITestsLaunchTests.swift */; };
		BD4BA12D2E0DBD2300DDCADA /* LoginViewModel.swift in Sources */ = {isa = PBXBuildFile; fileRef = BD4BA1202E0DBD2300DDCADA /* LoginViewModel.swift */; };
		BD4BA12E2E0DBD2300DDCADA /* LoginExampleApp.swift in Sources */ = {isa = PBXBuildFile; fileRef = BD4BA1212E0DBD2300DDCADA /* LoginExampleApp.swift */; };
		BD4BA12F2E0DBD2300DDCADA /* Item.swift in Sources */ = {isa = PBXBuildFile; fileRef = BD4BA1222E0DBD2300DDCADA /* Item.swift */; };
		BD4BA1302E0DBD2300DDCADA /* LoginView.swift in Sources */ = {isa = PBXBuildFile; fileRef = BD4BA1232E0DBD2300DDCADA /* LoginView.swift */; };
		BD4BA1312E0DBD2300DDCADA /* LoginInteractor.swift in Sources */ = {isa = PBXBuildFile; fileRef = BD4BA1242E0DBD2300DDCADA /* LoginInteractor.swift */; };
		BD4BA1322E0DBD2300DDCADA /* Assets.xcassets in Resources */ = {isa = PBXBuildFile; fileRef = BD4BA1252E0DBD2300DDCADA /* Assets.xcassets */; };
		BD4BA1332E0DBD2300DDCADA /* Preview Assets.xcassets in Resources */ = {isa = PBXBuildFile; fileRef = BD4BA1272E0DBD2300DDCADA /* Preview Assets.xcassets */; };
		BD4BA1342E0DBD2300DDCADA /* LoginModels.swift in Sources */ = {isa = PBXBuildFile; fileRef = BD4BA1282E0DBD2300DDCADA /* LoginModels.swift */; };
		BD4BA1352E0DBD2300DDCADA /* LoginViewController.swift in Sources */ = {isa = PBXBuildFile; fileRef = BD4BA1292E0DBD2300DDCADA /* LoginViewController.swift */; };
		BD4BA1372E0DBD2300DDCADA /* LoginPresenter.swift in Sources */ = {isa = PBXBuildFile; fileRef = BD4BA12B2E0DBD2300DDCADA /* LoginPresenter.swift */; };
		BD4BA1382E0DBD2300DDCADA /* LoginRouter.swift in Sources */ = {isa = PBXBuildFile; fileRef = BD4BA12C2E0DBD2300DDCADA /* LoginRouter.swift */; };
		BD4BA13A2E0DCAB300DDCADA /* RegisterView.swift in Sources */ = {isa = PBXBuildFile; fileRef = BD4BA1392E0DCAB300DDCADA /* RegisterView.swift */; };
		BD4BA13C2E0DCAC400DDCADA /* User.swift in Sources */ = {isa = PBXBuildFile; fileRef = BD4BA13B2E0DCAC400DDCADA /* User.swift */; };
/* End PBXBuildFile section */

/* Begin PBXContainerItemProxy section */
		BD422DBF2E0DB98C0094E522 /* PBXContainerItemProxy */ = {
			isa = PBXContainerItemProxy;
			containerPortal = BD422DA42E0DB98A0094E522 /* Project object */;
			proxyType = 1;
			remoteGlobalIDString = BD422DAB2E0DB98A0094E522;
			remoteInfo = LoginExampleApp;
		};
		BD422DC92E0DB98C0094E522 /* PBXContainerItemProxy */ = {
			isa = PBXContainerItemProxy;
			containerPortal = BD422DA42E0DB98A0094E522 /* Project object */;
			proxyType = 1;
			remoteGlobalIDString = BD422DAB2E0DB98A0094E522;
			remoteInfo = LoginExampleApp;
		};
/* End PBXContainerItemProxy section */

/* Begin PBXFileReference section */
		BD422DAC2E0DB98A0094E522 /* LoginExampleApp.app */ = {isa = PBXFileReference; explicitFileType = wrapper.application; includeInIndex = 0; path = LoginExampleApp.app; sourceTree = BUILT_PRODUCTS_DIR; };
		BD422DBE2E0DB98C0094E522 /* LoginExampleAppTests.xctest */ = {isa = PBXFileReference; explicitFileType = wrapper.cfbundle; includeInIndex = 0; path = LoginExampleAppTests.xctest; sourceTree = BUILT_PRODUCTS_DIR; };
		BD422DC22E0DB98C0094E522 /* LoginExampleAppTests.swift */ = {isa = PBXFileReference; lastKnownFileType = sourcecode.swift; path = LoginExampleAppTests.swift; sourceTree = "<group>"; };
		BD422DC82E0DB98C0094E522 /* LoginExampleAppUITests.xctest */ = {isa = PBXFileReference; explicitFileType = wrapper.cfbundle; includeInIndex = 0; path = LoginExampleAppUITests.xctest; sourceTree = BUILT_PRODUCTS_DIR; };
		BD422DCC2E0DB98C0094E522 /* LoginExampleAppUITests.swift */ = {isa = PBXFileReference; lastKnownFileType = sourcecode.swift; path = LoginExampleAppUITests.swift; sourceTree = "<group>"; };
		BD422DCE2E0DB98C0094E522 /* LoginExampleAppUITestsLaunchTests.swift */ = {isa = PBXFileReference; lastKnownFileType = sourcecode.swift; path = LoginExampleAppUITestsLaunchTests.swift; sourceTree = "<group>"; };
		BD4BA1202E0DBD2300DDCADA /* LoginViewModel.swift */ = {isa = PBXFileReference; fileEncoding = 4; lastKnownFileType = sourcecode.swift; path = LoginViewModel.swift; sourceTree = "<group>"; };
		BD4BA1212E0DBD2300DDCADA /* LoginExampleApp.swift */ = {isa = PBXFileReference; fileEncoding = 4; lastKnownFileType = sourcecode.swift; path = LoginExampleApp.swift; sourceTree = "<group>"; };
		BD4BA1222E0DBD2300DDCADA /* Item.swift */ = {isa = PBXFileReference; fileEncoding = 4; lastKnownFileType = sourcecode.swift; path = Item.swift; sourceTree = "<group>"; };
		BD4BA1232E0DBD2300DDCADA /* LoginView.swift */ = {isa = PBXFileReference; fileEncoding = 4; lastKnownFileType = sourcecode.swift; path = LoginView.swift; sourceTree = "<group>"; };
		BD4BA1242E0DBD2300DDCADA /* LoginInteractor.swift */ = {isa = PBXFileReference; fileEncoding = 4; lastKnownFileType = sourcecode.swift; path = LoginInteractor.swift; sourceTree = "<group>"; };
		BD4BA1252E0DBD2300DDCADA /* Assets.xcassets */ = {isa = PBXFileReference; lastKnownFileType = folder.assetcatalog; path = Assets.xcassets; sourceTree = "<group>"; };
		BD4BA1272E0DBD2300DDCADA /* Preview Assets.xcassets */ = {isa = PBXFileReference; lastKnownFileType = folder.assetcatalog; path = "Preview Assets.xcassets"; sourceTree = "<group>"; };
		BD4BA1282E0DBD2300DDCADA /* LoginModels.swift */ = {isa = PBXFileReference; fileEncoding = 4; lastKnownFileType = sourcecode.swift; path = LoginModels.swift; sourceTree = "<group>"; };
		BD4BA1292E0DBD2300DDCADA /* LoginViewController.swift */ = {isa = PBXFileReference; fileEncoding = 4; lastKnownFileType = sourcecode.swift; path = LoginViewController.swift; sourceTree = "<group>"; };
		BD4BA12B2E0DBD2300DDCADA /* LoginPresenter.swift */ = {isa = PBXFileReference; fileEncoding = 4; lastKnownFileType = sourcecode.swift; path = LoginPresenter.swift; sourceTree = "<group>"; };
		BD4BA12C2E0DBD2300DDCADA /* LoginRouter.swift */ = {isa = PBXFileReference; fileEncoding = 4; lastKnownFileType = sourcecode.swift; path = LoginRouter.swift; sourceTree = "<group>"; };
		BD4BA1392E0DCAB300DDCADA /* RegisterView.swift */ = {isa = PBXFileReference; fileEncoding = 4; lastKnownFileType = sourcecode.swift; path = RegisterView.swift; sourceTree = "<group>"; };
		BD4BA13B2E0DCAC400DDCADA /* User.swift */ = {isa = PBXFileReference; fileEncoding = 4; lastKnownFileType = sourcecode.swift; path = User.swift; sourceTree = "<group>"; };
/* End PBXFileReference section */

/* Begin PBXFrameworksBuildPhase section */
		BD422DA92E0DB98A0094E522 /* Frameworks */ = {
			isa = PBXFrameworksBuildPhase;
			buildActionMask = 2147483647;
			files = (
			);
			runOnlyForDeploymentPostprocessing = 0;
		};
		BD422DBB2E0DB98C0094E522 /* Frameworks */ = {
			isa = PBXFrameworksBuildPhase;
			buildActionMask = 2147483647;
			files = (
			);
			runOnlyForDeploymentPostprocessing = 0;
		};
		BD422DC52E0DB98C0094E522 /* Frameworks */ = {
			isa = PBXFrameworksBuildPhase;
			buildActionMask = 2147483647;
			files = (
			);
			runOnlyForDeploymentPostprocessing = 0;
		};
/* End PBXFrameworksBuildPhase section */

/* Begin PBXGroup section */
		BD422DA32E0DB98A0094E522 = {
			isa = PBXGroup;
			children = (
				BD4BA11F2E0DBD2300DDCADA /* LoginExampleApp */,
				BD422DC12E0DB98C0094E522 /* LoginExampleAppTests */,
				BD422DCB2E0DB98C0094E522 /* LoginExampleAppUITests */,
				BD422DAD2E0DB98A0094E522 /* Products */,
			);
			sourceTree = "<group>";
		};
		BD422DAD2E0DB98A0094E522 /* Products */ = {
			isa = PBXGroup;
			children = (
				BD422DAC2E0DB98A0094E522 /* LoginExampleApp.app */,
				BD422DBE2E0DB98C0094E522 /* LoginExampleAppTests.xctest */,
				BD422DC82E0DB98C0094E522 /* LoginExampleAppUITests.xctest */,
			);
			name = Products;
			sourceTree = "<group>";
		};
		BD422DC12E0DB98C0094E522 /* LoginExampleAppTests */ = {
			isa = PBXGroup;
			children = (
				BD422DC22E0DB98C0094E522 /* LoginExampleAppTests.swift */,
			);
			path = LoginExampleAppTests;
			sourceTree = "<group>";
		};
		BD422DCB2E0DB98C0094E522 /* LoginExampleAppUITests */ = {
			isa = PBXGroup;
			children = (
				BD422DCC2E0DB98C0094E522 /* LoginExampleAppUITests.swift */,
				BD422DCE2E0DB98C0094E522 /* LoginExampleAppUITestsLaunchTests.swift */,
			);
			path = LoginExampleAppUITests;
			sourceTree = "<group>";
		};
		BD4BA11F2E0DBD2300DDCADA /* LoginExampleApp */ = {
			isa = PBXGroup;
			children = (
				BD4BA1222E0DBD2300DDCADA /* Item.swift */,
				BD4BA1212E0DBD2300DDCADA /* LoginExampleApp.swift */,
				BD4BA1242E0DBD2300DDCADA /* LoginInteractor.swift */,
				BD4BA1282E0DBD2300DDCADA /* LoginModels.swift */,
				BD4BA12B2E0DBD2300DDCADA /* LoginPresenter.swift */,
				BD4BA12C2E0DBD2300DDCADA /* LoginRouter.swift */,
				BD4BA1232E0DBD2300DDCADA /* LoginView.swift */,
				BD4BA1292E0DBD2300DDCADA /* LoginViewController.swift */,
				BD4BA1202E0DBD2300DDCADA /* LoginViewModel.swift */,
				BD4BA1392E0DCAB300DDCADA /* RegisterView.swift */,
				BD4BA13B2E0DCAC400DDCADA /* User.swift */,
				BD4BA1252E0DBD2300DDCADA /* Assets.xcassets */,
				BD4BA1262E0DBD2300DDCADA /* Preview Content */,
			);
			path = LoginExampleApp;
			sourceTree = "<group>";
		};
		BD4BA1262E0DBD2300DDCADA /* Preview Content */ = {
			isa = PBXGroup;
			children = (
				BD4BA1272E0DBD2300DDCADA /* Preview Assets.xcassets */,
			);
			path = "Preview Content";
			sourceTree = "<group>";
		};
/* End PBXGroup section */

/* Begin PBXNativeTarget section */
		BD422DAB2E0DB98A0094E522 /* LoginExampleApp */ = {
			isa = PBXNativeTarget;
			buildConfigurationList = BD422DD22E0DB98C0094E522 /* Build configuration list for PBXNativeTarget "LoginExampleApp" */;
			buildPhases = (
				BD422DA82E0DB98A0094E522 /* Sources */,
				BD422DA92E0DB98A0094E522 /* Frameworks */,
				BD422DAA2E0DB98A0094E522 /* Resources */,
			);
			buildRules = (
			);
			dependencies = (
			);
			name = LoginExampleApp;
			productName = LoginExampleApp;
			productReference = BD422DAC2E0DB98A0094E522 /* LoginExampleApp.app */;
			productType = "com.apple.product-type.application";
		};
		BD422DBD2E0DB98C0094E522 /* LoginExampleAppTests */ = {
			isa = PBXNativeTarget;
			buildConfigurationList = BD422DD52E0DB98C0094E522 /* Build configuration list for PBXNativeTarget "LoginExampleAppTests" */;
			buildPhases = (
				BD422DBA2E0DB98C0094E522 /* Sources */,
				BD422DBB2E0DB98C0094E522 /* Frameworks */,
				BD422DBC2E0DB98C0094E522 /* Resources */,
			);
			buildRules = (
			);
			dependencies = (
				BD422DC02E0DB98C0094E522 /* PBXTargetDependency */,
			);
			name = LoginExampleAppTests;
			productName = LoginExampleAppTests;
			productReference = BD422DBE2E0DB98C0094E522 /* LoginExampleAppTests.xctest */;
			productType = "com.apple.product-type.bundle.unit-test";
		};
		BD422DC72E0DB98C0094E522 /* LoginExampleAppUITests */ = {
			isa = PBXNativeTarget;
			buildConfigurationList = BD422DD82E0DB98C0094E522 /* Build configuration list for PBXNativeTarget "LoginExampleAppUITests" */;
			buildPhases = (
				BD422DC42E0DB98C0094E522 /* Sources */,
				BD422DC52E0DB98C0094E522 /* Frameworks */,
				BD422DC62E0DB98C0094E522 /* Resources */,
			);
			buildRules = (
			);
			dependencies = (
				BD422DCA2E0DB98C0094E522 /* PBXTargetDependency */,
			);
			name = LoginExampleAppUITests;
			productName = LoginExampleAppUITests;
			productReference = BD422DC82E0DB98C0094E522 /* LoginExampleAppUITests.xctest */;
			productType = "com.apple.product-type.bundle.ui-testing";
		};
/* End PBXNativeTarget section */

/* Begin PBXProject section */
		BD422DA42E0DB98A0094E522 /* Project object */ = {
			isa = PBXProject;
			attributes = {
				BuildIndependentTargetsInParallel = 1;
				LastSwiftUpdateCheck = 1520;
				LastUpgradeCheck = 1520;
				TargetAttributes = {
					BD422DAB2E0DB98A0094E522 = {
						CreatedOnToolsVersion = 15.2;
					};
					BD422DBD2E0DB98C0094E522 = {
						CreatedOnToolsVersion = 15.2;
						TestTargetID = BD422DAB2E0DB98A0094E522;
					};
					BD422DC72E0DB98C0094E522 = {
						CreatedOnToolsVersion = 15.2;
						TestTargetID = BD422DAB2E0DB98A0094E522;
					};
				};
			};
			buildConfigurationList = BD422DA72E0DB98A0094E522 /* Build configuration list for PBXProject "LoginExampleApp" */;
			compatibilityVersion = "Xcode 14.0";
			developmentRegion = en;
			hasScannedForEncodings = 0;
			knownRegions = (
				en,
				Base,
			);
			mainGroup = BD422DA32E0DB98A0094E522;
			productRefGroup = BD422DAD2E0DB98A0094E522 /* Products */;
			projectDirPath = "";
			projectRoot = "";
			targets = (
				BD422DAB2E0DB98A0094E522 /* LoginExampleApp */,
				BD422DBD2E0DB98C0094E522 /* LoginExampleAppTests */,
				BD422DC72E0DB98C0094E522 /* LoginExampleAppUITests */,
			);
		};
/* End PBXProject section */

/* Begin PBXResourcesBuildPhase section */
		BD422DAA2E0DB98A0094E522 /* Resources */ = {
			isa = PBXResourcesBuildPhase;
			buildActionMask = 2147483647;
			files = (
				BD4BA1332E0DBD2300DDCADA /* Preview Assets.xcassets in Resources */,
				BD4BA1322E0DBD2300DDCADA /* Assets.xcassets in Resources */,
			);
			runOnlyForDeploymentPostprocessing = 0;
		};
		BD422DBC2E0DB98C0094E522 /* Resources */ = {
			isa = PBXResourcesBuildPhase;
			buildActionMask = 2147483647;
			files = (
			);
			runOnlyForDeploymentPostprocessing = 0;
		};
		BD422DC62E0DB98C0094E522 /* Resources */ = {
			isa = PBXResourcesBuildPhase;
			buildActionMask = 2147483647;
			files = (
			);
			runOnlyForDeploymentPostprocessing = 0;
		};
/* End PBXResourcesBuildPhase section */

/* Begin PBXSourcesBuildPhase section */
		BD422DA82E0DB98A0094E522 /* Sources */ = {
			isa = PBXSourcesBuildPhase;
			buildActionMask = 2147483647;
			files = (
				BD4BA1352E0DBD2300DDCADA /* LoginViewController.swift in Sources */,
				BD4BA13A2E0DCAB300DDCADA /* RegisterView.swift in Sources */,
				BD4BA1302E0DBD2300DDCADA /* LoginView.swift in Sources */,
				BD4BA1372E0DBD2300DDCADA /* LoginPresenter.swift in Sources */,
				BD4BA12F2E0DBD2300DDCADA /* Item.swift in Sources */,
				BD4BA12E2E0DBD2300DDCADA /* LoginExampleApp.swift in Sources */,
				BD4BA1342E0DBD2300DDCADA /* LoginModels.swift in Sources */,
				BD4BA1382E0DBD2300DDCADA /* LoginRouter.swift in Sources */,
				BD4BA1312E0DBD2300DDCADA /* LoginInteractor.swift in Sources */,
				BD4BA12D2E0DBD2300DDCADA /* LoginViewModel.swift in Sources */,
				BD4BA13C2E0DCAC400DDCADA /* User.swift in Sources */,
			);
			runOnlyForDeploymentPostprocessing = 0;
		};
		BD422DBA2E0DB98C0094E522 /* Sources */ = {
			isa = PBXSourcesBuildPhase;
			buildActionMask = 2147483647;
			files = (
				BD422DC32E0DB98C0094E522 /* LoginExampleAppTests.swift in Sources */,
			);
			runOnlyForDeploymentPostprocessing = 0;
		};
		BD422DC42E0DB98C0094E522 /* Sources */ = {
			isa = PBXSourcesBuildPhase;
			buildActionMask = 2147483647;
			files = (
				BD422DCD2E0DB98C0094E522 /* LoginExampleAppUITests.swift in Sources */,
				BD422DCF2E0DB98C0094E522 /* LoginExampleAppUITestsLaunchTests.swift in Sources */,
			);
			runOnlyForDeploymentPostprocessing = 0;
		};
/* End PBXSourcesBuildPhase section */

/* Begin PBXTargetDependency section */
		BD422DC02E0DB98C0094E522 /* PBXTargetDependency */ = {
			isa = PBXTargetDependency;
			target = BD422DAB2E0DB98A0094E522 /* LoginExampleApp */;
			targetProxy = BD422DBF2E0DB98C0094E522 /* PBXContainerItemProxy */;
		};
		BD422DCA2E0DB98C0094E522 /* PBXTargetDependency */ = {
			isa = PBXTargetDependency;
			target = BD422DAB2E0DB98A0094E522 /* LoginExampleApp */;
			targetProxy = BD422DC92E0DB98C0094E522 /* PBXContainerItemProxy */;
		};
/* End PBXTargetDependency section */

/* Begin XCBuildConfiguration section */
		BD422DD02E0DB98C0094E522 /* Debug */ = {
			isa = XCBuildConfiguration;
			buildSettings = {
				ALWAYS_SEARCH_USER_PATHS = NO;
				ASSETCATALOG_COMPILER_GENERATE_SWIFT_ASSET_SYMBOL_EXTENSIONS = YES;
				CLANG_ANALYZER_NONNULL = YES;
				CLANG_ANALYZER_NUMBER_OBJECT_CONVERSION = YES_AGGRESSIVE;
				CLANG_CXX_LANGUAGE_STANDARD = "gnu++20";
				CLANG_ENABLE_MODULES = YES;
				CLANG_ENABLE_OBJC_ARC = YES;
				CLANG_ENABLE_OBJC_WEAK = YES;
				CLANG_WARN_BLOCK_CAPTURE_AUTORELEASING = YES;
				CLANG_WARN_BOOL_CONVERSION = YES;
				CLANG_WARN_COMMA = YES;
				CLANG_WARN_CONSTANT_CONVERSION = YES;
				CLANG_WARN_DEPRECATED_OBJC_IMPLEMENTATIONS = YES;
				CLANG_WARN_DIRECT_OBJC_ISA_USAGE = YES_ERROR;
				CLANG_WARN_DOCUMENTATION_COMMENTS = YES;
				CLANG_WARN_EMPTY_BODY = YES;
				CLANG_WARN_ENUM_CONVERSION = YES;
				CLANG_WARN_INFINITE_RECURSION = YES;
				CLANG_WARN_INT_CONVERSION = YES;
				CLANG_WARN_NON_LITERAL_NULL_CONVERSION = YES;
				CLANG_WARN_OBJC_IMPLICIT_RETAIN_SELF = YES;
				CLANG_WARN_OBJC_LITERAL_CONVERSION = YES;
				CLANG_WARN_OBJC_ROOT_CLASS = YES_ERROR;
				CLANG_WARN_QUOTED_INCLUDE_IN_FRAMEWORK_HEADER = YES;
				CLANG_WARN_RANGE_LOOP_ANALYSIS = YES;
				CLANG_WARN_STRICT_PROTOTYPES = YES;
				CLANG_WARN_SUSPICIOUS_MOVE = YES;
				CLANG_WARN_UNGUARDED_AVAILABILITY = YES_AGGRESSIVE;
				CLANG_WARN_UNREACHABLE_CODE = YES;
				CLANG_WARN__DUPLICATE_METHOD_MATCH = YES;
				COPY_PHASE_STRIP = NO;
				DEBUG_INFORMATION_FORMAT = dwarf;
				ENABLE_STRICT_OBJC_MSGSEND = YES;
				ENABLE_TESTABILITY = YES;
				ENABLE_USER_SCRIPT_SANDBOXING = YES;
				GCC_C_LANGUAGE_STANDARD = gnu17;
				GCC_DYNAMIC_NO_PIC = NO;
				GCC_NO_COMMON_BLOCKS = YES;
				GCC_OPTIMIZATION_LEVEL = 0;
				GCC_PREPROCESSOR_DEFINITIONS = (
					"DEBUG=1",
					"$(inherited)",
				);
				GCC_WARN_64_TO_32_BIT_CONVERSION = YES;
				GCC_WARN_ABOUT_RETURN_TYPE = YES_ERROR;
				GCC_WARN_UNDECLARED_SELECTOR = YES;
				GCC_WARN_UNINITIALIZED_AUTOS = YES_AGGRESSIVE;
				GCC_WARN_UNUSED_FUNCTION = YES;
				GCC_WARN_UNUSED_VARIABLE = YES;
				IPHONEOS_DEPLOYMENT_TARGET = 17.2;
				LOCALIZATION_PREFERS_STRING_CATALOGS = YES;
				MTL_ENABLE_DEBUG_INFO = INCLUDE_SOURCE;
				MTL_FAST_MATH = YES;
				ONLY_ACTIVE_ARCH = YES;
				SDKROOT = iphoneos;
				SWIFT_ACTIVE_COMPILATION_CONDITIONS = "DEBUG $(inherited)";
				SWIFT_OPTIMIZATION_LEVEL = "-Onone";
			};
			name = Debug;
		};
		BD422DD12E0DB98C0094E522 /* Release */ = {
			isa = XCBuildConfiguration;
			buildSettings = {
				ALWAYS_SEARCH_USER_PATHS = NO;
				ASSETCATALOG_COMPILER_GENERATE_SWIFT_ASSET_SYMBOL_EXTENSIONS = YES;
				CLANG_ANALYZER_NONNULL = YES;
				CLANG_ANALYZER_NUMBER_OBJECT_CONVERSION = YES_AGGRESSIVE;
				CLANG_CXX_LANGUAGE_STANDARD = "gnu++20";
				CLANG_ENABLE_MODULES = YES;
				CLANG_ENABLE_OBJC_ARC = YES;
				CLANG_ENABLE_OBJC_WEAK = YES;
				CLANG_WARN_BLOCK_CAPTURE_AUTORELEASING = YES;
				CLANG_WARN_BOOL_CONVERSION = YES;
				CLANG_WARN_COMMA = YES;
				CLANG_WARN_CONSTANT_CONVERSION = YES;
				CLANG_WARN_DEPRECATED_OBJC_IMPLEMENTATIONS = YES;
				CLANG_WARN_DIRECT_OBJC_ISA_USAGE = YES_ERROR;
				CLANG_WARN_DOCUMENTATION_COMMENTS = YES;
				CLANG_WARN_EMPTY_BODY = YES;
				CLANG_WARN_ENUM_CONVERSION = YES;
				CLANG_WARN_INFINITE_RECURSION = YES;
				CLANG_WARN_INT_CONVERSION = YES;
				CLANG_WARN_NON_LITERAL_NULL_CONVERSION = YES;
				CLANG_WARN_OBJC_IMPLICIT_RETAIN_SELF = YES;
				CLANG_WARN_OBJC_LITERAL_CONVERSION = YES;
				CLANG_WARN_OBJC_ROOT_CLASS = YES_ERROR;
				CLANG_WARN_QUOTED_INCLUDE_IN_FRAMEWORK_HEADER = YES;
				CLANG_WARN_RANGE_LOOP_ANALYSIS = YES;
				CLANG_WARN_STRICT_PROTOTYPES = YES;
				CLANG_WARN_SUSPICIOUS_MOVE = YES;
				CLANG_WARN_UNGUARDED_AVAILABILITY = YES_AGGRESSIVE;
				CLANG_WARN_UNREACHABLE_CODE = YES;
				CLANG_WARN__DUPLICATE_METHOD_MATCH = YES;
				COPY_PHASE_STRIP = NO;
				DEBUG_INFORMATION_FORMAT = "dwarf-with-dsym";
				ENABLE_NS_ASSERTIONS = NO;
				ENABLE_STRICT_OBJC_MSGSEND = YES;
				ENABLE_USER_SCRIPT_SANDBOXING = YES;
				GCC_C_LANGUAGE_STANDARD = gnu17;
				GCC_NO_COMMON_BLOCKS = YES;
				GCC_WARN_64_TO_32_BIT_CONVERSION = YES;
				GCC_WARN_ABOUT_RETURN_TYPE = YES_ERROR;
				GCC_WARN_UNDECLARED_SELECTOR = YES;
				GCC_WARN_UNINITIALIZED_AUTOS = YES_AGGRESSIVE;
				GCC_WARN_UNUSED_FUNCTION = YES;
				GCC_WARN_UNUSED_VARIABLE = YES;
				IPHONEOS_DEPLOYMENT_TARGET = 17.2;
				LOCALIZATION_PREFERS_STRING_CATALOGS = YES;
				MTL_ENABLE_DEBUG_INFO = NO;
				MTL_FAST_MATH = YES;
				SDKROOT = iphoneos;
				SWIFT_COMPILATION_MODE = wholemodule;
				VALIDATE_PRODUCT = YES;
			};
			name = Release;
		};
		BD422DD32E0DB98C0094E522 /* Debug */ = {
			isa = XCBuildConfiguration;
			buildSettings = {
				ASSETCATALOG_COMPILER_APPICON_NAME = AppIcon;
				ASSETCATALOG_COMPILER_GLOBAL_ACCENT_COLOR_NAME = AccentColor;
				CODE_SIGN_STYLE = Automatic;
				CURRENT_PROJECT_VERSION = 1;
				DEVELOPMENT_ASSET_PATHS = "\"LoginExampleApp/Preview Content\"";
				DEVELOPMENT_TEAM = B2ZF7338R8;
				ENABLE_PREVIEWS = YES;
				GENERATE_INFOPLIST_FILE = YES;
				INFOPLIST_KEY_UIApplicationSceneManifest_Generation = YES;
				INFOPLIST_KEY_UIApplicationSupportsIndirectInputEvents = YES;
				INFOPLIST_KEY_UILaunchScreen_Generation = YES;
				INFOPLIST_KEY_UISupportedInterfaceOrientations_iPad = "UIInterfaceOrientationPortrait UIInterfaceOrientationPortraitUpsideDown UIInterfaceOrientationLandscapeLeft UIInterfaceOrientationLandscapeRight";
				INFOPLIST_KEY_UISupportedInterfaceOrientations_iPhone = "UIInterfaceOrientationPortrait UIInterfaceOrientationLandscapeLeft UIInterfaceOrientationLandscapeRight";
				LD_RUNPATH_SEARCH_PATHS = (
					"$(inherited)",
					"@executable_path/Frameworks",
				);
				MARKETING_VERSION = 1.0;
				PRODUCT_BUNDLE_IDENTIFIER = com.rimvydas.petniunas.LoginExampleApp;
				PRODUCT_NAME = "$(TARGET_NAME)";
				SWIFT_EMIT_LOC_STRINGS = YES;
				SWIFT_VERSION = 5.0;
				TARGETED_DEVICE_FAMILY = "1,2";
			};
			name = Debug;
		};
		BD422DD42E0DB98C0094E522 /* Release */ = {
			isa = XCBuildConfiguration;
			buildSettings = {
				ASSETCATALOG_COMPILER_APPICON_NAME = AppIcon;
				ASSETCATALOG_COMPILER_GLOBAL_ACCENT_COLOR_NAME = AccentColor;
				CODE_SIGN_STYLE = Automatic;
				CURRENT_PROJECT_VERSION = 1;
				DEVELOPMENT_ASSET_PATHS = "\"LoginExampleApp/Preview Content\"";
				DEVELOPMENT_TEAM = B2ZF7338R8;
				ENABLE_PREVIEWS = YES;
				GENERATE_INFOPLIST_FILE = YES;
				INFOPLIST_KEY_UIApplicationSceneManifest_Generation = YES;
				INFOPLIST_KEY_UIApplicationSupportsIndirectInputEvents = YES;
				INFOPLIST_KEY_UILaunchScreen_Generation = YES;
				INFOPLIST_KEY_UISupportedInterfaceOrientations_iPad = "UIInterfaceOrientationPortrait UIInterfaceOrientationPortraitUpsideDown UIInterfaceOrientationLandscapeLeft UIInterfaceOrientationLandscapeRight";
				INFOPLIST_KEY_UISupportedInterfaceOrientations_iPhone = "UIInterfaceOrientationPortrait UIInterfaceOrientationLandscapeLeft UIInterfaceOrientationLandscapeRight";
				LD_RUNPATH_SEARCH_PATHS = (
					"$(inherited)",
					"@executable_path/Frameworks",
				);
				MARKETING_VERSION = 1.0;
				PRODUCT_BUNDLE_IDENTIFIER = com.rimvydas.petniunas.LoginExampleApp;
				PRODUCT_NAME = "$(TARGET_NAME)";
				SWIFT_EMIT_LOC_STRINGS = YES;
				SWIFT_VERSION = 5.0;
				TARGETED_DEVICE_FAMILY = "1,2";
			};
			name = Release;
		};
		BD422DD62E0DB98C0094E522 /* Debug */ = {
			isa = XCBuildConfiguration;
			buildSettings = {
				ALWAYS_EMBED_SWIFT_STANDARD_LIBRARIES = YES;
				BUNDLE_LOADER = "$(TEST_HOST)";
				CODE_SIGN_STYLE = Automatic;
				CURRENT_PROJECT_VERSION = 1;
				DEVELOPMENT_TEAM = B2ZF7338R8;
				GENERATE_INFOPLIST_FILE = YES;
				IPHONEOS_DEPLOYMENT_TARGET = 17.2;
				MARKETING_VERSION = 1.0;
				PRODUCT_BUNDLE_IDENTIFIER = com.rimvydas.petniunas.LoginExampleAppTests;
				PRODUCT_NAME = "$(TARGET_NAME)";
				SWIFT_EMIT_LOC_STRINGS = NO;
				SWIFT_VERSION = 5.0;
				TARGETED_DEVICE_FAMILY = "1,2";
				TEST_HOST = "$(BUILT_PRODUCTS_DIR)/LoginExampleApp.app/$(BUNDLE_EXECUTABLE_FOLDER_PATH)/LoginExampleApp";
			};
			name = Debug;
		};
		BD422DD72E0DB98C0094E522 /* Release */ = {
			isa = XCBuildConfiguration;
			buildSettings = {
				ALWAYS_EMBED_SWIFT_STANDARD_LIBRARIES = YES;
				BUNDLE_LOADER = "$(TEST_HOST)";
				CODE_SIGN_STYLE = Automatic;
				CURRENT_PROJECT_VERSION = 1;
				DEVELOPMENT_TEAM = B2ZF7338R8;
				GENERATE_INFOPLIST_FILE = YES;
				IPHONEOS_DEPLOYMENT_TARGET = 17.2;
				MARKETING_VERSION = 1.0;
				PRODUCT_BUNDLE_IDENTIFIER = com.rimvydas.petniunas.LoginExampleAppTests;
				PRODUCT_NAME = "$(TARGET_NAME)";
				SWIFT_EMIT_LOC_STRINGS = NO;
				SWIFT_VERSION = 5.0;
				TARGETED_DEVICE_FAMILY = "1,2";
				TEST_HOST = "$(BUILT_PRODUCTS_DIR)/LoginExampleApp.app/$(BUNDLE_EXECUTABLE_FOLDER_PATH)/LoginExampleApp";
			};
			name = Release;
		};
		BD422DD92E0DB98C0094E522 /* Debug */ = {
			isa = XCBuildConfiguration;
			buildSettings = {
				ALWAYS_EMBED_SWIFT_STANDARD_LIBRARIES = YES;
				CODE_SIGN_STYLE = Automatic;
				CURRENT_PROJECT_VERSION = 1;
				DEVELOPMENT_TEAM = B2ZF7338R8;
				GENERATE_INFOPLIST_FILE = YES;
				MARKETING_VERSION = 1.0;
				PRODUCT_BUNDLE_IDENTIFIER = com.rimvydas.petniunas.LoginExampleAppUITests;
				PRODUCT_NAME = "$(TARGET_NAME)";
				SWIFT_EMIT_LOC_STRINGS = NO;
				SWIFT_VERSION = 5.0;
				TARGETED_DEVICE_FAMILY = "1,2";
				TEST_TARGET_NAME = LoginExampleApp;
			};
			name = Debug;
		};
		BD422DDA2E0DB98C0094E522 /* Release */ = {
			isa = XCBuildConfiguration;
			buildSettings = {
				ALWAYS_EMBED_SWIFT_STANDARD_LIBRARIES = YES;
				CODE_SIGN_STYLE = Automatic;
				CURRENT_PROJECT_VERSION = 1;
				DEVELOPMENT_TEAM = B2ZF7338R8;
				GENERATE_INFOPLIST_FILE = YES;
				MARKETING_VERSION = 1.0;
				PRODUCT_BUNDLE_IDENTIFIER = com.rimvydas.petniunas.LoginExampleAppUITests;
				PRODUCT_NAME = "$(TARGET_NAME)";
				SWIFT_EMIT_LOC_STRINGS = NO;
				SWIFT_VERSION = 5.0;
				TARGETED_DEVICE_FAMILY = "1,2";
				TEST_TARGET_NAME = LoginExampleApp;
			};
			name = Release;
		};
/* End XCBuildConfiguration section */

/* Begin XCConfigurationList section */
		BD422DA72E0DB98A0094E522 /* Build configuration list for PBXProject "LoginExampleApp" */ = {
			isa = XCConfigurationList;
			buildConfigurations = (
				BD422DD02E0DB98C0094E522 /* Debug */,
				BD422DD12E0DB98C0094E522 /* Release */,
			);
			defaultConfigurationIsVisible = 0;
			defaultConfigurationName = Release;
		};
		BD422DD22E0DB98C0094E522 /* Build configuration list for PBXNativeTarget "LoginExampleApp" */ = {
			isa = XCConfigurationList;
			buildConfigurations = (
				BD422DD32E0DB98C0094E522 /* Debug */,
				BD422DD42E0DB98C0094E522 /* Release */,
			);
			defaultConfigurationIsVisible = 0;
			defaultConfigurationName = Release;
		};
		BD422DD52E0DB98C0094E522 /* Build configuration list for PBXNativeTarget "LoginExampleAppTests" */ = {
			isa = XCConfigurationList;
			buildConfigurations = (
				BD422DD62E0DB98C0094E522 /* Debug */,
				BD422DD72E0DB98C0094E522 /* Release */,
			);
			defaultConfigurationIsVisible = 0;
			defaultConfigurationName = Release;
		};
		BD422DD82E0DB98C0094E522 /* Build configuration list for PBXNativeTarget "LoginExampleAppUITests" */ = {
			isa = XCConfigurationList;
			buildConfigurations = (
				BD422DD92E0DB98C0094E522 /* Debug */,
				BD422DDA2E0DB98C0094E522 /* Release */,
			);
			defaultConfigurationIsVisible = 0;
			defaultConfigurationName = Release;
		};
/* End XCConfigurationList section */
	};
	rootObject = BD422DA42E0DB98A0094E522 /* Project object */;
}
